Microsoft Visual Studio Solution File, Format Version 12.00
# Visual Studio Version 17
VisualStudioVersion = 17.0.31903.59
MinimumVisualStudioVersion = 10.0.40219.1
Project("{FAE04EC0-301F-11D3-BF4B-00C04F79EFBC}") = "SavranPay.Api", "src\SavranPay.Api\SavranPay.Api.csproj", "{8C9C7D8D-3E64-4E84-8F05-5BFA46C4BB10}"
EndProject
Project("{FAE04EC0-301F-11D3-BF4B-00C04F79EFBC}") = "SavranPay.Application", "src\SavranPay.Application\SavranPay.Application.csproj", "{37503A7D-20FD-4CB8-A36A-E55E64E699E4}"
EndProject
Project("{FAE04EC0-301F-11D3-BF4B-00C04F79EFBC}") = "SavranPay.Domain", "src\SavranPay.Domain\SavranPay.Domain.csproj", "{50C84078-B627-4429-A198-B8B46008D771}"
EndProject
Project("{FAE04EC0-301F-11D3-BF4B-00C04F79EFBC}") = "SavranPay.Infrastructure", "src\SavranPay.Infrastructure\SavranPay.Infrastructure.csproj", "{A1D1583F-C44F-470D-A790-74F07652CC1C}"
EndProject
Project("{FAE04EC0-301F-11D3-BF4B-00C04F79EFBC}") = "SavranPay.Workers", "src\SavranPay.Workers\SavranPay.Workers.csproj", "{AD21A0B6-25E9-4383-B993-759D211943FD}"
EndProject
Project("{FAE04EC0-301F-11D3-BF4B-00C04F79EFBC}") = "SavranPay.SharedKernel", "src\SavranPay.SharedKernel\SavranPay.SharedKernel.csproj", "{E0871EE1-1240-4E36-BE28-64BDBA2568FA}"
EndProject
Project("{FAE04EC0-301F-11D3-BF4B-00C04F79EFBC}") = "SavranPay.UnitTests", "tests\SavranPay.UnitTests\SavranPay.UnitTests.csproj", "{960DE32D-6F5A-454E-B63A-795535D2C63B}"
EndProject
Global
	GlobalSection(SolutionConfigurationPlatforms) = preSolution
		Debug|Any CPU = Debug|Any CPU
		Release|Any CPU = Release|Any CPU
	EndGlobalSection
	GlobalSection(ProjectConfigurationPlatforms) = postSolution
		{8C9C7D8D-3E64-4E84-8F05-5BFA46C4BB10}.Debug|Any CPU.ActiveCfg = Debug|Any CPU
		{8C9C7D8D-3E64-4E84-8F05-5BFA46C4BB10}.Debug|Any CPU.Build.0 = Debug|Any CPU
		{8C9C7D8D-3E64-4E84-8F05-5BFA46C4BB10}.Release|Any CPU.ActiveCfg = Release|Any CPU
		{8C9C7D8D-3E64-4E84-8F05-5BFA46C4BB10}.Release|Any CPU.Build.0 = Release|Any CPU
		{37503A7D-20FD-4CB8-A36A-E55E64E699E4}.Debug|Any CPU.ActiveCfg = Debug|Any CPU
		{37503A7D-20FD-4CB8-A36A-E55E64E699E4}.Debug|Any CPU.Build.0 = Debug|Any CPU
		{37503A7D-20FD-4CB8-A36A-E55E64E699E4}.Release|Any CPU.ActiveCfg = Release|Any CPU
		{37503A7D-20FD-4CB8-A36A-E55E64E699E4}.Release|Any CPU.Build.0 = Release|Any CPU
		{50C84078-B627-4429-A198-B8B46008D771}.Debug|Any CPU.ActiveCfg = Debug|Any CPU
		{50C84078-B627-4429-A198-B8B46008D771}.Debug|Any CPU.Build.0 = Debug|Any CPU
		{50C84078-B627-4429-A198-B8B46008D771}.Release|Any CPU.ActiveCfg = Release|Any CPU
		{50C84078-B627-4429-A198-B8B46008D771}.Release|Any CPU.Build.0 = Release|Any CPU
		{A1D1583F-C44F-470D-A790-74F07652CC1C}.Debug|Any CPU.ActiveCfg = Debug|Any CPU
		{A1D1583F-C44F-470D-A790-74F07652CC1C}.Debug|Any CPU.Build.0 = Debug|Any CPU
		{A1D1583F-C44F-470D-A790-74F07652CC1C}.Release|Any CPU.ActiveCfg = Release|Any CPU
		{A1D1583F-C44F-470D-A790-74F07652CC1C}.Release|Any CPU.Build.0 = Release|Any CPU
		{AD21A0B6-25E9-4383-B993-759D211943FD}.Debug|Any CPU.ActiveCfg = Debug|Any CPU
		{AD21A0B6-25E9-4383-B993-759D211943FD}.Debug|Any CPU.Build.0 = Debug|Any CPU
		{AD21A0B6-25E9-4383-B993-759D211943FD}.Release|Any CPU.ActiveCfg = Release|Any CPU
		{AD21A0B6-25E9-4383-B993-759D211943FD}.Release|Any CPU.Build.0 = Release|Any CPU
		{E0871EE1-1240-4E36-BE28-64BDBA2568FA}.Debug|Any CPU.ActiveCfg = Debug|Any CPU
		{E0871EE1-1240-4E36-BE28-64BDBA2568FA}.Debug|Any CPU.Build.0 = Debug|Any CPU
		{E0871EE1-1240-4E36-BE28-64BDBA2568FA}.Release|Any CPU.ActiveCfg = Release|Any CPU
		{E0871EE1-1240-4E36-BE28-64BDBA2568FA}.Release|Any CPU.Build.0 = Release|Any CPU
		{960DE32D-6F5A-454E-B63A-795535D2C63B}.Debug|Any CPU.ActiveCfg = Debug|Any CPU
		{960DE32D-6F5A-454E-B63A-795535D2C63B}.Debug|Any CPU.Build.0 = Debug|Any CPU
		{960DE32D-6F5A-454E-B63A-795535D2C63B}.Release|Any CPU.ActiveCfg = Release|Any CPU
		{960DE32D-6F5A-454E-B63A-795535D2C63B}.Release|Any CPU.Build.0 = Release|Any CPU
	EndGlobalSection
EndGlobal
